// !$*UTF8*$!
{
	archiveVersion = 1;
	classes = {
	};
	objectVersion = 51;
	objects = {

/* Begin PBXBuildFile section */
		310BC6DD22EAD6050052405B /* IconCollectionViewCell.swift in Sources */ = {isa = PBXBuildFile; fileRef = 310BC6DC22EAD6050052405B /* IconCollectionViewCell.swift */; };
		314283CB22E6B07F0019694C /* UIViewExtensions.swift in Sources */ = {isa = PBXBuildFile; fileRef = 314283CA22E6B07F0019694C /* UIViewExtensions.swift */; };
		314283CD22E6BFB40019694C /* DetailedRoutineViewController.swift in Sources */ = {isa = PBXBuildFile; fileRef = 314283CC22E6BFB40019694C /* DetailedRoutineViewController.swift */; };
		3148D0AA22F9527A00F91ABC /* RepeatTableViewController.swift in Sources */ = {isa = PBXBuildFile; fileRef = 3148D0A922F9527900F91ABC /* RepeatTableViewController.swift */; };
		3148D0AC22FA26D600F91ABC /* WeekDay.swift in Sources */ = {isa = PBXBuildFile; fileRef = 3148D0AB22FA26D600F91ABC /* WeekDay.swift */; };
		3148D0B022FA63DA00F91ABC /* RepeatTableViewCell.swift in Sources */ = {isa = PBXBuildFile; fileRef = 3148D0AF22FA63DA00F91ABC /* RepeatTableViewCell.swift */; };
		3153CE8122D858870075A593 /* AppDelegate.swift in Sources */ = {isa = PBXBuildFile; fileRef = 3153CE8022D858870075A593 /* AppDelegate.swift */; };
		3153CE8822D858890075A593 /* Assets.xcassets in Resources */ = {isa = PBXBuildFile; fileRef = 3153CE8722D858890075A593 /* Assets.xcassets */; };
		3153CE8B22D858890075A593 /* LaunchScreen.storyboard in Resources */ = {isa = PBXBuildFile; fileRef = 3153CE8922D858890075A593 /* LaunchScreen.storyboard */; };
		3153CE9322D858F50075A593 /* RoutinesTableViewController.swift in Sources */ = {isa = PBXBuildFile; fileRef = 3153CE9222D858F50075A593 /* RoutinesTableViewController.swift */; };
		3153CE9922D8597D0075A593 /* .gitignore in Resources */ = {isa = PBXBuildFile; fileRef = 3153CE9822D8597D0075A593 /* .gitignore */; };
		3153CE9C22D85AB90075A593 /* Routine.swift in Sources */ = {isa = PBXBuildFile; fileRef = 3153CE9B22D85AB90075A593 /* Routine.swift */; };
		3153CE9E22D85ACE0075A593 /* SubRoutine.swift in Sources */ = {isa = PBXBuildFile; fileRef = 3153CE9D22D85ACE0075A593 /* SubRoutine.swift */; };
		3198698A22D9124700CE1582 /* Main.storyboard in Resources */ = {isa = PBXBuildFile; fileRef = 3198698922D9124700CE1582 /* Main.storyboard */; };
		31A434CC22D9B4390092D1AE /* SubRoutineTableViewController.swift in Sources */ = {isa = PBXBuildFile; fileRef = 31A434CB22D9B4390092D1AE /* SubRoutineTableViewController.swift */; };
		31A434D022D9B5480092D1AE /* RoutineTableViewCell.swift in Sources */ = {isa = PBXBuildFile; fileRef = 31A434CF22D9B5480092D1AE /* RoutineTableViewCell.swift */; };
		31A434D422DC21430092D1AE /* SubRoutineTableViewCell.swift in Sources */ = {isa = PBXBuildFile; fileRef = 31A434D322DC21430092D1AE /* SubRoutineTableViewCell.swift */; };
		31CCE6DA22F3C7CC00B6023B /* UIImageExtension.swift in Sources */ = {isa = PBXBuildFile; fileRef = 31CCE6D922F3C7CC00B6023B /* UIImageExtension.swift */; };
		31CCE6DC22F40EB200B6023B /* UIViewControllerExtension.swift in Sources */ = {isa = PBXBuildFile; fileRef = 31CCE6DB22F40EB200B6023B /* UIViewControllerExtension.swift */; };
		31F0FF9F22DEB631005861EA /* DatePickerTableViewCell.swift in Sources */ = {isa = PBXBuildFile; fileRef = 31F0FF9E22DEB631005861EA /* DatePickerTableViewCell.swift */; };
		31F7011822DFD56100C913E7 /* SwitchTogglerTableViewCell.swift in Sources */ = {isa = PBXBuildFile; fileRef = 31F7011722DFD56100C913E7 /* SwitchTogglerTableViewCell.swift */; };
		49995AF493C72E7C1AC064A6 /* Pods_Routines.framework in Frameworks */ = {isa = PBXBuildFile; fileRef = 733657F418B0DC7BE0629E85 /* Pods_Routines.framework */; };
/* End PBXBuildFile section */

/* Begin PBXFileReference section */
		27B8F6A25898CB733ED0803E /* Pods-Routines.release.xcconfig */ = {isa = PBXFileReference; includeInIndex = 1; lastKnownFileType = text.xcconfig; name = "Pods-Routines.release.xcconfig"; path = "Target Support Files/Pods-Routines/Pods-Routines.release.xcconfig"; sourceTree = "<group>"; };
		310BC6DC22EAD6050052405B /* IconCollectionViewCell.swift */ = {isa = PBXFileReference; lastKnownFileType = sourcecode.swift; path = IconCollectionViewCell.swift; sourceTree = "<group>"; };
		314283CA22E6B07F0019694C /* UIViewExtensions.swift */ = {isa = PBXFileReference; fileEncoding = 4; lastKnownFileType = sourcecode.swift; path = UIViewExtensions.swift; sourceTree = "<group>"; };
		314283CC22E6BFB40019694C /* DetailedRoutineViewController.swift */ = {isa = PBXFileReference; lastKnownFileType = sourcecode.swift; path = DetailedRoutineViewController.swift; sourceTree = "<group>"; };
		3148D0A922F9527900F91ABC /* RepeatTableViewController.swift */ = {isa = PBXFileReference; lastKnownFileType = sourcecode.swift; name = RepeatTableViewController.swift; path = /Users/aicocom/Desktop/IOS/Routines/Routines/Controllers/RepeatTableViewController.swift; sourceTree = "<absolute>"; };
		3148D0AB22FA26D600F91ABC /* WeekDay.swift */ = {isa = PBXFileReference; lastKnownFileType = sourcecode.swift; path = WeekDay.swift; sourceTree = "<group>"; };
		3148D0AF22FA63DA00F91ABC /* RepeatTableViewCell.swift */ = {isa = PBXFileReference; fileEncoding = 4; lastKnownFileType = sourcecode.swift; path = RepeatTableViewCell.swift; sourceTree = "<group>"; };
		3153CE7D22D858870075A593 /* Routines.app */ = {isa = PBXFileReference; explicitFileType = wrapper.application; includeInIndex = 0; path = Routines.app; sourceTree = BUILT_PRODUCTS_DIR; };
		3153CE8022D858870075A593 /* AppDelegate.swift */ = {isa = PBXFileReference; lastKnownFileType = sourcecode.swift; path = AppDelegate.swift; sourceTree = "<group>"; };
		3153CE8722D858890075A593 /* Assets.xcassets */ = {isa = PBXFileReference; lastKnownFileType = folder.assetcatalog; path = Assets.xcassets; sourceTree = "<group>"; };
		3153CE8A22D858890075A593 /* Base */ = {isa = PBXFileReference; lastKnownFileType = file.storyboard; name = Base; path = Base.lproj/LaunchScreen.storyboard; sourceTree = "<group>"; };
		3153CE8C22D858890075A593 /* Info.plist */ = {isa = PBXFileReference; lastKnownFileType = text.plist.xml; path = Info.plist; sourceTree = "<group>"; };
		3153CE9222D858F50075A593 /* RoutinesTableViewController.swift */ = {isa = PBXFileReference; lastKnownFileType = sourcecode.swift; path = RoutinesTableViewController.swift; sourceTree = "<group>"; };
		3153CE9822D8597D0075A593 /* .gitignore */ = {isa = PBXFileReference; lastKnownFileType = text; path = .gitignore; sourceTree = "<group>"; };
		3153CE9B22D85AB90075A593 /* Routine.swift */ = {isa = PBXFileReference; lastKnownFileType = sourcecode.swift; path = Routine.swift; sourceTree = "<group>"; };
		3153CE9D22D85ACE0075A593 /* SubRoutine.swift */ = {isa = PBXFileReference; lastKnownFileType = sourcecode.swift; path = SubRoutine.swift; sourceTree = "<group>"; };
		3198698922D9124700CE1582 /* Main.storyboard */ = {isa = PBXFileReference; fileEncoding = 4; lastKnownFileType = file.storyboard; path = Main.storyboard; sourceTree = "<group>"; };
		31A434CB22D9B4390092D1AE /* SubRoutineTableViewController.swift */ = {isa = PBXFileReference; fileEncoding = 4; lastKnownFileType = sourcecode.swift; name = SubRoutineTableViewController.swift; path = ../../../../Routines/Routines/Routines/Controllers/SubRoutineTableViewController.swift; sourceTree = "<group>"; };
		31A434CF22D9B5480092D1AE /* RoutineTableViewCell.swift */ = {isa = PBXFileReference; fileEncoding = 4; lastKnownFileType = sourcecode.swift; path = RoutineTableViewCell.swift; sourceTree = "<group>"; };
		31A434D322DC21430092D1AE /* SubRoutineTableViewCell.swift */ = {isa = PBXFileReference; lastKnownFileType = sourcecode.swift; path = SubRoutineTableViewCell.swift; sourceTree = "<group>"; };
		31CCE6D922F3C7CC00B6023B /* UIImageExtension.swift */ = {isa = PBXFileReference; lastKnownFileType = sourcecode.swift; path = UIImageExtension.swift; sourceTree = "<group>"; };
		31CCE6DB22F40EB200B6023B /* UIViewControllerExtension.swift */ = {isa = PBXFileReference; lastKnownFileType = sourcecode.swift; path = UIViewControllerExtension.swift; sourceTree = "<group>"; };
		31F0FF9E22DEB631005861EA /* DatePickerTableViewCell.swift */ = {isa = PBXFileReference; lastKnownFileType = sourcecode.swift; path = DatePickerTableViewCell.swift; sourceTree = "<group>"; };
		31F7011722DFD56100C913E7 /* SwitchTogglerTableViewCell.swift */ = {isa = PBXFileReference; lastKnownFileType = sourcecode.swift; path = SwitchTogglerTableViewCell.swift; sourceTree = "<group>"; };
		733657F418B0DC7BE0629E85 /* Pods_Routines.framework */ = {isa = PBXFileReference; explicitFileType = wrapper.framework; includeInIndex = 0; path = Pods_Routines.framework; sourceTree = BUILT_PRODUCTS_DIR; };
		CE1639ED5D31347D8AAC48FB /* Pods-Routines.debug.xcconfig */ = {isa = PBXFileReference; includeInIndex = 1; lastKnownFileType = text.xcconfig; name = "Pods-Routines.debug.xcconfig"; path = "Target Support Files/Pods-Routines/Pods-Routines.debug.xcconfig"; sourceTree = "<group>"; };
/* End PBXFileReference section */

/* Begin PBXFrameworksBuildPhase section */
		3153CE7A22D858870075A593 /* Frameworks */ = {
			isa = PBXFrameworksBuildPhase;
			buildActionMask = 2147483647;
			files = (
				49995AF493C72E7C1AC064A6 /* Pods_Routines.framework in Frameworks */,
			);
			runOnlyForDeploymentPostprocessing = 0;
		};
/* End PBXFrameworksBuildPhase section */

/* Begin PBXGroup section */
		06F1429486F52D41530C29F0 /* Pods */ = {
			isa = PBXGroup;
			children = (
				CE1639ED5D31347D8AAC48FB /* Pods-Routines.debug.xcconfig */,
				27B8F6A25898CB733ED0803E /* Pods-Routines.release.xcconfig */,
			);
			path = Pods;
			sourceTree = "<group>";
		};
		310BC6DE22EAD6140052405B /* CollectionViewCells */ = {
			isa = PBXGroup;
			children = (
				310BC6DC22EAD6050052405B /* IconCollectionViewCell.swift */,
			);
			path = CollectionViewCells;
			sourceTree = "<group>";
		};
		3153CE7422D858870075A593 = {
			isa = PBXGroup;
			children = (
				3153CE7F22D858870075A593 /* Routines */,
				3153CE7E22D858870075A593 /* Products */,
				06F1429486F52D41530C29F0 /* Pods */,
				5273B1D98216EFA0B26D94CF /* Frameworks */,
			);
			sourceTree = "<group>";
		};
		3153CE7E22D858870075A593 /* Products */ = {
			isa = PBXGroup;
			children = (
				3153CE7D22D858870075A593 /* Routines.app */,
			);
			name = Products;
			sourceTree = "<group>";
		};
		3153CE7F22D858870075A593 /* Routines */ = {
			isa = PBXGroup;
			children = (
				3153CE9722D8593B0075A593 /* Git */,
				3153CE8022D858870075A593 /* AppDelegate.swift */,
				3153CE9A22D859970075A593 /* Model */,
				3153CE9622D8591E0075A593 /* Views */,
				3153CE9422D858FB0075A593 /* Controllers */,
				3153CE8C22D858890075A593 /* Info.plist */,
				3153CE9522D8590D0075A593 /* Supporting Files */,
			);
			path = Routines;
			sourceTree = "<group>";
		};
		3153CE9422D858FB0075A593 /* Controllers */ = {
			isa = PBXGroup;
			children = (
				314283CC22E6BFB40019694C /* DetailedRoutineViewController.swift */,
				3153CE9222D858F50075A593 /* RoutinesTableViewController.swift */,
				31A434CB22D9B4390092D1AE /* SubRoutineTableViewController.swift */,
				3148D0A922F9527900F91ABC /* RepeatTableViewController.swift */,
				31899BBD22F4A34700199ED2 /* Extensions */,
				31A434D522DD217B0092D1AE /* TableViewCells */,
				310BC6DE22EAD6140052405B /* CollectionViewCells */,
			);
			path = Controllers;
			sourceTree = "<group>";
		};
		3153CE9522D8590D0075A593 /* Supporting Files */ = {
			isa = PBXGroup;
			children = (
				3153CE8722D858890075A593 /* Assets.xcassets */,
			);
			path = "Supporting Files";
			sourceTree = "<group>";
		};
		3153CE9622D8591E0075A593 /* Views */ = {
			isa = PBXGroup;
			children = (
				3198698922D9124700CE1582 /* Main.storyboard */,
				3153CE8922D858890075A593 /* LaunchScreen.storyboard */,
			);
			path = Views;
			sourceTree = "<group>";
		};
		3153CE9722D8593B0075A593 /* Git */ = {
			isa = PBXGroup;
			children = (
				3153CE9822D8597D0075A593 /* .gitignore */,
			);
			path = Git;
			sourceTree = "<group>";
		};
		3153CE9A22D859970075A593 /* Model */ = {
			isa = PBXGroup;
			children = (
				3153CE9B22D85AB90075A593 /* Routine.swift */,
				3153CE9D22D85ACE0075A593 /* SubRoutine.swift */,
				3148D0AB22FA26D600F91ABC /* WeekDay.swift */,
			);
			path = Model;
			sourceTree = "<group>";
		};
		31899BBD22F4A34700199ED2 /* Extensions */ = {
			isa = PBXGroup;
			children = (
				314283CA22E6B07F0019694C /* UIViewExtensions.swift */,
				31CCE6DB22F40EB200B6023B /* UIViewControllerExtension.swift */,
				31CCE6D922F3C7CC00B6023B /* UIImageExtension.swift */,
			);
			path = Extensions;
			sourceTree = "<group>";
		};
		31A434D522DD217B0092D1AE /* TableViewCells */ = {
			isa = PBXGroup;
			children = (
				31A434D322DC21430092D1AE /* SubRoutineTableViewCell.swift */,
				31A434CF22D9B5480092D1AE /* RoutineTableViewCell.swift */,
				31F0FF9E22DEB631005861EA /* DatePickerTableViewCell.swift */,
				31F7011722DFD56100C913E7 /* SwitchTogglerTableViewCell.swift */,
				3148D0AF22FA63DA00F91ABC /* RepeatTableViewCell.swift */,
			);
			path = TableViewCells;
			sourceTree = "<group>";
		};
		5273B1D98216EFA0B26D94CF /* Frameworks */ = {
			isa = PBXGroup;
			children = (
				733657F418B0DC7BE0629E85 /* Pods_Routines.framework */,
			);
			name = Frameworks;
			sourceTree = "<group>";
		};
/* End PBXGroup section */

/* Begin PBXNativeTarget section */
		3153CE7C22D858870075A593 /* Routines */ = {
			isa = PBXNativeTarget;
			buildConfigurationList = 3153CE8F22D858890075A593 /* Build configuration list for PBXNativeTarget "Routines" */;
			buildPhases = (
				155EB3F5CB98A2B725F5CB26 /* [CP] Check Pods Manifest.lock */,
				3153CE7922D858870075A593 /* Sources */,
				3153CE7A22D858870075A593 /* Frameworks */,
				3153CE7B22D858870075A593 /* Resources */,
				DD44C868C29A2F854FA5868F /* [CP] Embed Pods Frameworks */,
			);
			buildRules = (
			);
			dependencies = (
			);
			name = Routines;
			productName = Routines;
			productReference = 3153CE7D22D858870075A593 /* Routines.app */;
			productType = "com.apple.product-type.application";
		};
/* End PBXNativeTarget section */

/* Begin PBXProject section */
		3153CE7522D858870075A593 /* Project object */ = {
			isa = PBXProject;
			attributes = {
				LastSwiftUpdateCheck = 1020;
				LastUpgradeCheck = 1020;
				ORGANIZATIONNAME = aic;
				TargetAttributes = {
					3153CE7C22D858870075A593 = {
						CreatedOnToolsVersion = 10.2.1;
						SystemCapabilities = {
							com.apple.BackgroundModes = {
								enabled = 1;
							};
						};
					};
				};
			};
			buildConfigurationList = 3153CE7822D858870075A593 /* Build configuration list for PBXProject "Routines" */;
			compatibilityVersion = "Xcode 9.3";
			developmentRegion = en;
			hasScannedForEncodings = 0;
			knownRegions = (
				en,
				Base,
			);
			mainGroup = 3153CE7422D858870075A593;
			productRefGroup = 3153CE7E22D858870075A593 /* Products */;
			projectDirPath = "";
			projectRoot = "";
			targets = (
				3153CE7C22D858870075A593 /* Routines */,
			);
		};
/* End PBXProject section */

/* Begin PBXResourcesBuildPhase section */
		3153CE7B22D858870075A593 /* Resources */ = {
			isa = PBXResourcesBuildPhase;
			buildActionMask = 2147483647;
			files = (
				3153CE9922D8597D0075A593 /* .gitignore in Resources */,
				3153CE8B22D858890075A593 /* LaunchScreen.storyboard in Resources */,
				3153CE8822D858890075A593 /* Assets.xcassets in Resources */,
				3198698A22D9124700CE1582 /* Main.storyboard in Resources */,
			);
			runOnlyForDeploymentPostprocessing = 0;
		};
/* End PBXResourcesBuildPhase section */

/* Begin PBXShellScriptBuildPhase section */
		155EB3F5CB98A2B725F5CB26 /* [CP] Check Pods Manifest.lock */ = {
			isa = PBXShellScriptBuildPhase;
			buildActionMask = 2147483647;
			files = (
			);
			inputFileListPaths = (
			);
			inputPaths = (
				"${PODS_PODFILE_DIR_PATH}/Podfile.lock",
				"${PODS_ROOT}/Manifest.lock",
			);
			name = "[CP] Check Pods Manifest.lock";
			outputFileListPaths = (
			);
			outputPaths = (
				"$(DERIVED_FILE_DIR)/Pods-Routines-checkManifestLockResult.txt",
			);
			runOnlyForDeploymentPostprocessing = 0;
			shellPath = /bin/sh;
			shellScript = "diff \"${PODS_PODFILE_DIR_PATH}/Podfile.lock\" \"${PODS_ROOT}/Manifest.lock\" > /dev/null\nif [ $? != 0 ] ; then\n    # print error to STDERR\n    echo \"error: The sandbox is not in sync with the Podfile.lock. Run 'pod install' or update your CocoaPods installation.\" >&2\n    exit 1\nfi\n# This output is used by Xcode 'outputs' to avoid re-running this script phase.\necho \"SUCCESS\" > \"${SCRIPT_OUTPUT_FILE_0}\"\n";
			showEnvVarsInLog = 0;
		};
		DD44C868C29A2F854FA5868F /* [CP] Embed Pods Frameworks */ = {
			isa = PBXShellScriptBuildPhase;
			buildActionMask = 2147483647;
			files = (
			);
			inputFileListPaths = (
				"${PODS_ROOT}/Target Support Files/Pods-Routines/Pods-Routines-frameworks-${CONFIGURATION}-input-files.xcfilelist",
			);
			name = "[CP] Embed Pods Frameworks";
			outputFileListPaths = (
				"${PODS_ROOT}/Target Support Files/Pods-Routines/Pods-Routines-frameworks-${CONFIGURATION}-output-files.xcfilelist",
			);
			runOnlyForDeploymentPostprocessing = 0;
			shellPath = /bin/sh;
			shellScript = "\"${PODS_ROOT}/Target Support Files/Pods-Routines/Pods-Routines-frameworks.sh\"\n";
			showEnvVarsInLog = 0;
		};
/* End PBXShellScriptBuildPhase section */

/* Begin PBXSourcesBuildPhase section */
		3153CE7922D858870075A593 /* Sources */ = {
			isa = PBXSourcesBuildPhase;
			buildActionMask = 2147483647;
			files = (
				31A434CC22D9B4390092D1AE /* SubRoutineTableViewController.swift in Sources */,
				314283CD22E6BFB40019694C /* DetailedRoutineViewController.swift in Sources */,
				3153CE9322D858F50075A593 /* RoutinesTableViewController.swift in Sources */,
				310BC6DD22EAD6050052405B /* IconCollectionViewCell.swift in Sources */,
				3153CE8122D858870075A593 /* AppDelegate.swift in Sources */,
				3148D0B022FA63DA00F91ABC /* RepeatTableViewCell.swift in Sources */,
				31A434D422DC21430092D1AE /* SubRoutineTableViewCell.swift in Sources */,
				3153CE9C22D85AB90075A593 /* Routine.swift in Sources */,
				31F7011822DFD56100C913E7 /* SwitchTogglerTableViewCell.swift in Sources */,
				31CCE6DA22F3C7CC00B6023B /* UIImageExtension.swift in Sources */,
				31A434D022D9B5480092D1AE /* RoutineTableViewCell.swift in Sources */,
				3153CE9E22D85ACE0075A593 /* SubRoutine.swift in Sources */,
				314283CB22E6B07F0019694C /* UIViewExtensions.swift in Sources */,
				3148D0AC22FA26D600F91ABC /* WeekDay.swift in Sources */,
				3148D0AA22F9527A00F91ABC /* RepeatTableViewController.swift in Sources */,
				31CCE6DC22F40EB200B6023B /* UIViewControllerExtension.swift in Sources */,
				31F0FF9F22DEB631005861EA /* DatePickerTableViewCell.swift in Sources */,
			);
			runOnlyForDeploymentPostprocessing = 0;
		};
/* End PBXSourcesBuildPhase section */

/* Begin PBXVariantGroup section */
		3153CE8922D858890075A593 /* LaunchScreen.storyboard */ = {
			isa = PBXVariantGroup;
			children = (
				3153CE8A22D858890075A593 /* Base */,
			);
			name = LaunchScreen.storyboard;
			sourceTree = "<group>";
		};
/* End PBXVariantGroup section */

/* Begin XCBuildConfiguration section */
		3153CE8D22D858890075A593 /* Debug */ = {
			isa = XCBuildConfiguration;
			buildSettings = {
				ALWAYS_SEARCH_USER_PATHS = NO;
				CLANG_ANALYZER_NONNULL = YES;
				CLANG_ANALYZER_NUMBER_OBJECT_CONVERSION = YES_AGGRESSIVE;
				CLANG_CXX_LANGUAGE_STANDARD = "gnu++14";
				CLANG_CXX_LIBRARY = "libc++";
				CLANG_ENABLE_MODULES = YES;
				CLANG_ENABLE_OBJC_ARC = YES;
				CLANG_ENABLE_OBJC_WEAK = YES;
				CLANG_WARN_BLOCK_CAPTURE_AUTORELEASING = YES;
				CLANG_WARN_BOOL_CONVERSION = YES;
				CLANG_WARN_COMMA = YES;
				CLANG_WARN_CONSTANT_CONVERSION = YES;
				CLANG_WARN_DEPRECATED_OBJC_IMPLEMENTATIONS = YES;
				CLANG_WARN_DIRECT_OBJC_ISA_USAGE = YES_ERROR;
				CLANG_WARN_DOCUMENTATION_COMMENTS = YES;
				CLANG_WARN_EMPTY_BODY = YES;
				CLANG_WARN_ENUM_CONVERSION = YES;
				CLANG_WARN_INFINITE_RECURSION = YES;
				CLANG_WARN_INT_CONVERSION = YES;
				CLANG_WARN_NON_LITERAL_NULL_CONVERSION = YES;
				CLANG_WARN_OBJC_IMPLICIT_RETAIN_SELF = YES;
				CLANG_WARN_OBJC_LITERAL_CONVERSION = YES;
				CLANG_WARN_OBJC_ROOT_CLASS = YES_ERROR;
				CLANG_WARN_RANGE_LOOP_ANALYSIS = YES;
				CLANG_WARN_STRICT_PROTOTYPES = YES;
				CLANG_WARN_SUSPICIOUS_MOVE = YES;
				CLANG_WARN_UNGUARDED_AVAILABILITY = YES_AGGRESSIVE;
				CLANG_WARN_UNREACHABLE_CODE = YES;
				CLANG_WARN__DUPLICATE_METHOD_MATCH = YES;
				CODE_SIGN_IDENTITY = "iPhone Developer";
				COPY_PHASE_STRIP = NO;
				DEBUG_INFORMATION_FORMAT = dwarf;
				ENABLE_STRICT_OBJC_MSGSEND = YES;
				ENABLE_TESTABILITY = YES;
				GCC_C_LANGUAGE_STANDARD = gnu11;
				GCC_DYNAMIC_NO_PIC = NO;
				GCC_NO_COMMON_BLOCKS = YES;
				GCC_OPTIMIZATION_LEVEL = 0;
				GCC_PREPROCESSOR_DEFINITIONS = (
					"DEBUG=1",
					"$(inherited)",
				);
				GCC_WARN_64_TO_32_BIT_CONVERSION = YES;
				GCC_WARN_ABOUT_RETURN_TYPE = YES_ERROR;
				GCC_WARN_UNDECLARED_SELECTOR = YES;
				GCC_WARN_UNINITIALIZED_AUTOS = YES_AGGRESSIVE;
				GCC_WARN_UNUSED_FUNCTION = YES;
				GCC_WARN_UNUSED_VARIABLE = YES;
				IPHONEOS_DEPLOYMENT_TARGET = 12.2;
				MTL_ENABLE_DEBUG_INFO = INCLUDE_SOURCE;
				MTL_FAST_MATH = YES;
				ONLY_ACTIVE_ARCH = YES;
				SDKROOT = iphoneos;
				SWIFT_ACTIVE_COMPILATION_CONDITIONS = DEBUG;
				SWIFT_OPTIMIZATION_LEVEL = "-Onone";
			};
			name = Debug;
		};
		3153CE8E22D858890075A593 /* Release */ = {
			isa = XCBuildConfiguration;
			buildSettings = {
				ALWAYS_SEARCH_USER_PATHS = NO;
				CLANG_ANALYZER_NONNULL = YES;
				CLANG_ANALYZER_NUMBER_OBJECT_CONVERSION = YES_AGGRESSIVE;
				CLANG_CXX_LANGUAGE_STANDARD = "gnu++14";
				CLANG_CXX_LIBRARY = "libc++";
				CLANG_ENABLE_MODULES = YES;
				CLANG_ENABLE_OBJC_ARC = YES;
				CLANG_ENABLE_OBJC_WEAK = YES;
				CLANG_WARN_BLOCK_CAPTURE_AUTORELEASING = YES;
				CLANG_WARN_BOOL_CONVERSION = YES;
				CLANG_WARN_COMMA = YES;
				CLANG_WARN_CONSTANT_CONVERSION = YES;
				CLANG_WARN_DEPRECATED_OBJC_IMPLEMENTATIONS = YES;
				CLANG_WARN_DIRECT_OBJC_ISA_USAGE = YES_ERROR;
				CLANG_WARN_DOCUMENTATION_COMMENTS = YES;
				CLANG_WARN_EMPTY_BODY = YES;
				CLANG_WARN_ENUM_CONVERSION = YES;
				CLANG_WARN_INFINITE_RECURSION = YES;
				CLANG_WARN_INT_CONVERSION = YES;
				CLANG_WARN_NON_LITERAL_NULL_CONVERSION = YES;
				CLANG_WARN_OBJC_IMPLICIT_RETAIN_SELF = YES;
				CLANG_WARN_OBJC_LITERAL_CONVERSION = YES;
				CLANG_WARN_OBJC_ROOT_CLASS = YES_ERROR;
				CLANG_WARN_RANGE_LOOP_ANALYSIS = YES;
				CLANG_WARN_STRICT_PROTOTYPES = YES;
				CLANG_WARN_SUSPICIOUS_MOVE = YES;
				CLANG_WARN_UNGUARDED_AVAILABILITY = YES_AGGRESSIVE;
				CLANG_WARN_UNREACHABLE_CODE = YES;
				CLANG_WARN__DUPLICATE_METHOD_MATCH = YES;
				CODE_SIGN_IDENTITY = "iPhone Developer";
				COPY_PHASE_STRIP = NO;
				DEBUG_INFORMATION_FORMAT = "dwarf-with-dsym";
				ENABLE_NS_ASSERTIONS = NO;
				ENABLE_STRICT_OBJC_MSGSEND = YES;
				GCC_C_LANGUAGE_STANDARD = gnu11;
				GCC_NO_COMMON_BLOCKS = YES;
				GCC_WARN_64_TO_32_BIT_CONVERSION = YES;
				GCC_WARN_ABOUT_RETURN_TYPE = YES_ERROR;
				GCC_WARN_UNDECLARED_SELECTOR = YES;
				GCC_WARN_UNINITIALIZED_AUTOS = YES_AGGRESSIVE;
				GCC_WARN_UNUSED_FUNCTION = YES;
				GCC_WARN_UNUSED_VARIABLE = YES;
				IPHONEOS_DEPLOYMENT_TARGET = 12.2;
				MTL_ENABLE_DEBUG_INFO = NO;
				MTL_FAST_MATH = YES;
				SDKROOT = iphoneos;
				SWIFT_COMPILATION_MODE = wholemodule;
				SWIFT_OPTIMIZATION_LEVEL = "-O";
				VALIDATE_PRODUCT = YES;
			};
			name = Release;
		};
		3153CE9022D858890075A593 /* Debug */ = {
			isa = XCBuildConfiguration;
			baseConfigurationReference = CE1639ED5D31347D8AAC48FB /* Pods-Routines.debug.xcconfig */;
			buildSettings = {
				ASSETCATALOG_COMPILER_APPICON_NAME = AppIcon;
				CODE_SIGN_STYLE = Automatic;
				DEVELOPMENT_TEAM = C38Q7ZAFU9;
				INFOPLIST_FILE = Routines/Info.plist;
				LD_RUNPATH_SEARCH_PATHS = (
					"$(inherited)",
					"@executable_path/Frameworks",
				);
				PRODUCT_BUNDLE_IDENTIFIER = com.aic.Routinely;
				PRODUCT_NAME = "$(TARGET_NAME)";
				SWIFT_VERSION = 5.0;
				TARGETED_DEVICE_FAMILY = 1;
			};
			name = Debug;
		};
		3153CE9122D858890075A593 /* Release */ = {
			isa = XCBuildConfiguration;
			baseConfigurationReference = 27B8F6A25898CB733ED0803E /* Pods-Routines.release.xcconfig */;
			buildSettings = {
				ASSETCATALOG_COMPILER_APPICON_NAME = AppIcon;
				CODE_SIGN_STYLE = Automatic;
				DEVELOPMENT_TEAM = C38Q7ZAFU9;
				INFOPLIST_FILE = Routines/Info.plist;
				LD_RUNPATH_SEARCH_PATHS = (
					"$(inherited)",
					"@executable_path/Frameworks",
				);
				PRODUCT_BUNDLE_IDENTIFIER = com.aic.Routinely;
				PRODUCT_NAME = "$(TARGET_NAME)";
				SWIFT_VERSION = 5.0;
				TARGETED_DEVICE_FAMILY = 1;
			};
			name = Release;
		};
/* End XCBuildConfiguration section */

/* Begin XCConfigurationList section */
		3153CE7822D858870075A593 /* Build configuration list for PBXProject "Routines" */ = {
			isa = XCConfigurationList;
			buildConfigurations = (
				3153CE8D22D858890075A593 /* Debug */,
				3153CE8E22D858890075A593 /* Release */,
			);
			defaultConfigurationIsVisible = 0;
			defaultConfigurationName = Release;
		};
		3153CE8F22D858890075A593 /* Build configuration list for PBXNativeTarget "Routines" */ = {
			isa = XCConfigurationList;
			buildConfigurations = (
				3153CE9022D858890075A593 /* Debug */,
				3153CE9122D858890075A593 /* Release */,
			);
			defaultConfigurationIsVisible = 0;
			defaultConfigurationName = Release;
		};
/* End XCConfigurationList section */
	};
	rootObject = 3153CE7522D858870075A593 /* Project object */;
}
